
Microsoft Visual Studio Solution File, Format Version 12.00
# Visual Studio Version 17
VisualStudioVersion = 17.10.35027.167
MinimumVisualStudioVersion = 10.0.40219.1
Project("{9A19103F-16F7-4668-BE54-9A1E7A4F7556}") = "api_crud", "atividade1\api_crud.csproj", "{1D75D097-3C09-4C7A-A52A-0CCDE65B4F21}"
EndProject
Global
	GlobalSection(SolutionConfigurationPlatforms) = preSolution
		Debug|Any CPU = Debug|Any CPU
		Release|Any CPU = Release|Any CPU
	EndGlobalSection
	GlobalSection(ProjectConfigurationPlatforms) = postSolution
		{1D75D097-3C09-4C7A-A52A-0CCDE65B4F21}.Debug|Any CPU.ActiveCfg = Debug|Any CPU
		{1D75D097-3C09-4C7A-A52A-0CCDE65B4F21}.Debug|Any CPU.Build.0 = Debug|Any CPU
		{1D75D097-3C09-4C7A-A52A-0CCDE65B4F21}.Release|Any CPU.ActiveCfg = Release|Any CPU
		{1D75D097-3C09-4C7A-A52A-0CCDE65B4F21}.Release|Any CPU.Build.0 = Release|Any CPU
	EndGlobalSection
	GlobalSection(SolutionProperties) = preSolution
		HideSolutionNode = FALSE
	EndGlobalSection
	GlobalSection(ExtensibilityGlobals) = postSolution
		SolutionGuid = {39FF772E-A1FD-41F8-86DF-D35E894CE35D}
	EndGlobalSection
EndGlobal
